
Microsoft Visual Studio Solution File, Format Version 12.00
# Visual Studio Version 17
VisualStudioVersion = 17.9.34622.214
MinimumVisualStudioVersion = 10.0.40219.1
Project("{FAE04EC0-301F-11D3-BF4B-00C04F79EFBC}") = "Q1_Calculator", "Q1_Calculator\Q1_Calculator.csproj", "{AD519B22-DCDC-422D-AB37-16FF7FC5D33D}"
EndProject
Global
	GlobalSection(SolutionConfigurationPlatforms) = preSolution
		Debug|Any CPU = Debug|Any CPU
		Release|Any CPU = Release|Any CPU
	EndGlobalSection
	GlobalSection(ProjectConfigurationPlatforms) = postSolution
		{AD519B22-DCDC-422D-AB37-16FF7FC5D33D}.Debug|Any CPU.ActiveCfg = Debug|Any CPU
		{AD519B22-DCDC-422D-AB37-16FF7FC5D33D}.Debug|Any CPU.Build.0 = Debug|Any CPU
		{AD519B22-DCDC-422D-AB37-16FF7FC5D33D}.Release|Any CPU.ActiveCfg = Release|Any CPU
		{AD519B22-DCDC-422D-AB37-16FF7FC5D33D}.Release|Any CPU.Build.0 = Release|Any CPU
	EndGlobalSection
	GlobalSection(SolutionProperties) = preSolution
		HideSolutionNode = FALSE
	EndGlobalSection
	GlobalSection(ExtensibilityGlobals) = postSolution
		SolutionGuid = {9B5FF0CE-907A-4820-B315-98E9BEAA4AB6}
	EndGlobalSection
EndGlobal
